
Microsoft Visual Studio Solution File, Format Version 12.00
# Visual Studio Version 16
VisualStudioVersion = 25.0.1706.14
MinimumVisualStudioVersion = 10.0.40219.1
Project("{FAE04EC0-301F-11D3-BF4B-00C04F79EFBC}") = "proje1Salı", "proje1Salı\proje1Salı.csproj", "{00B89DF7-961C-40CE-8102-1F0596C82791}"
EndProject
Global
	GlobalSection(SolutionConfigurationPlatforms) = preSolution
		Debug|Any CPU = Debug|Any CPU
		Release|Any CPU = Release|Any CPU
	EndGlobalSection
	GlobalSection(ProjectConfigurationPlatforms) = postSolution
		{00B89DF7-961C-40CE-8102-1F0596C82791}.Debug|Any CPU.ActiveCfg = Debug|Any CPU
		{00B89DF7-961C-40CE-8102-1F0596C82791}.Debug|Any CPU.Build.0 = Debug|Any CPU
		{00B89DF7-961C-40CE-8102-1F0596C82791}.Release|Any CPU.ActiveCfg = Release|Any CPU
		{00B89DF7-961C-40CE-8102-1F0596C82791}.Release|Any CPU.Build.0 = Release|Any CPU
	EndGlobalSection
	GlobalSection(SolutionProperties) = preSolution
		HideSolutionNode = FALSE
	EndGlobalSection
	GlobalSection(ExtensibilityGlobals) = postSolution
		SolutionGuid = {E2C9E0E2-D8AD-4CE5-9947-C8C47AB73345}
	EndGlobalSection
EndGlobal
